<Solution>
  <Folder Name="/docs/">
    <File Path="docs/DevelopersGuide.md" />
    <File Path="docs/UserGuide.md" />
  </Folder>
  <Folder Name="/Solution Items/">
    <File Path=".gitignore" />
    <File Path="GitVersion.yml" />
    <File Path="Icon.png" />
    <File Path="README.md" />
  </Folder>
  <Folder Name="/tests/">
    <Project Path="tests/UnitTests/UnitTests.csproj" />
  </Folder>
  <Project Path="src/FortiConnect.csproj" />
</Solution>
